
Microsoft Visual Studio Solution File, Format Version 12.00
# Visual Studio Version 16
VisualStudioVersion = 25.0.1704.0
MinimumVisualStudioVersion = 10.0.40219.1
Project("{FAE04EC0-301F-11D3-BF4B-00C04F79EFBC}") = "GenericsQuestion21", "GenericsQuestion21\GenericsQuestion21.csproj", "{A5EB27BF-99ED-4514-BF6B-7767F7A1FFAB}"
EndProject
Global
	GlobalSection(SolutionConfigurationPlatforms) = preSolution
		Debug|Any CPU = Debug|Any CPU
		Release|Any CPU = Release|Any CPU
	EndGlobalSection
	GlobalSection(ProjectConfigurationPlatforms) = postSolution
		{A5EB27BF-99ED-4514-BF6B-7767F7A1FFAB}.Debug|Any CPU.ActiveCfg = Debug|Any CPU
		{A5EB27BF-99ED-4514-BF6B-7767F7A1FFAB}.Debug|Any CPU.Build.0 = Debug|Any CPU
		{A5EB27BF-99ED-4514-BF6B-7767F7A1FFAB}.Release|Any CPU.ActiveCfg = Release|Any CPU
		{A5EB27BF-99ED-4514-BF6B-7767F7A1FFAB}.Release|Any CPU.Build.0 = Release|Any CPU
	EndGlobalSection
	GlobalSection(SolutionProperties) = preSolution
		HideSolutionNode = FALSE
	EndGlobalSection
	GlobalSection(ExtensibilityGlobals) = postSolution
		SolutionGuid = {C3FAE461-D9D7-4D9E-8D0F-C9CFC67D4F85}
	EndGlobalSection
EndGlobal
